
Microsoft Visual Studio Solution File, Format Version 12.00
# Visual Studio Version 16
VisualStudioVersion = 16.0.29905.134
MinimumVisualStudioVersion = 10.0.40219.1
Project("{2150E333-8FDC-42A3-9474-1A3956D46DE8}") = "src", "src", "{03EFE65F-3027-40EA-A790-7C8D31C11E18}"
EndProject
Project("{9A19103F-16F7-4668-BE54-9A1E7A4F7556}") = "Core.Modularity", "src\Core.Modularity\Core.Modularity.csproj", "{8DA136E4-FE91-487E-9595-D882FC99117E}"
EndProject
Project("{9A19103F-16F7-4668-BE54-9A1E7A4F7556}") = "Core.EventBus", "src\Core.EventBus\Core.EventBus.csproj", "{4021809D-B739-4AD1-B2ED-3A88A68CBA04}"
EndProject
Project("{9A19103F-16F7-4668-BE54-9A1E7A4F7556}") = "Core.EventBus.RabbitMQ", "src\Core.EventBus.RabbitMQ\Core.EventBus.RabbitMQ.csproj", "{0165B977-B65B-4F20-8BC6-736DBFC6EC38}"
EndProject
Project("{9A19103F-16F7-4668-BE54-9A1E7A4F7556}") = "Core.RabbitMQ", "src\Core.RabbitMQ\Core.RabbitMQ.csproj", "{B2D8B0A4-41E7-457E-91A6-87E90433ACBE}"
EndProject
Project("{2150E333-8FDC-42A3-9474-1A3956D46DE8}") = "test", "test", "{ADB0B39E-2BFA-4241-956A-47AD65CEB2FA}"
EndProject
Project("{2150E333-8FDC-42A3-9474-1A3956D46DE8}") = "eventBus", "eventBus", "{514A50C5-04C2-48BD-A4BA-C82A5684F141}"
EndProject
Project("{9A19103F-16F7-4668-BE54-9A1E7A4F7556}") = "PublishApi", "test\eventBus\PublishApi\PublishApi.csproj", "{80013525-5240-4B5D-8886-9ECA1352C728}"
EndProject
Project("{9A19103F-16F7-4668-BE54-9A1E7A4F7556}") = "SubscriptionApi", "test\eventBus\SubscriptionApi\SubscriptionApi.csproj", "{1171CB7C-A0D2-40CB-B00A-A0A69C64B1F4}"
EndProject
Project("{9A19103F-16F7-4668-BE54-9A1E7A4F7556}") = "Core.Ddd.Domain", "src\Core.Ddd.Domain\Core.Ddd.Domain.csproj", "{87CE1168-C69D-4A8E-9217-4A4AFC1E2E95}"
EndProject
Project("{9A19103F-16F7-4668-BE54-9A1E7A4F7556}") = "Core.EntityFrameworkCore", "src\Core.EntityFrameworkCore\Core.EntityFrameworkCore.csproj", "{8A2098C1-FCBE-4215-B1D3-47BD78E7EFFF}"
EndProject
Project("{9A19103F-16F7-4668-BE54-9A1E7A4F7556}") = "Core.Uow", "src\Core.Uow\Core.Uow.csproj", "{C7B6E81D-C3D5-4E1C-96DB-819492BA150A}"
EndProject
Project("{9A19103F-16F7-4668-BE54-9A1E7A4F7556}") = "Core.Framework", "src\Core.Framework\Core.Framework.csproj", "{AB021EF3-7FD9-4986-A928-E281FF169F61}"
EndProject
Project("{2150E333-8FDC-42A3-9474-1A3956D46DE8}") = "EntityFrameworkCore", "EntityFrameworkCore", "{F0EF0172-5CAC-4569-9959-A6DBC1C50388}"
EndProject
Project("{9A19103F-16F7-4668-BE54-9A1E7A4F7556}") = "EntityFrameworkCore.Api", "test\EntityFrameworkCore.Api\EntityFrameworkCore.Api.csproj", "{D3F32407-16E8-4D03-8096-7049AB2B5BD7}"
EndProject
Project("{9A19103F-16F7-4668-BE54-9A1E7A4F7556}") = "Core.ElasticSearch", "src\Core.ElasticSearch\Core.ElasticSearch.csproj", "{FBEE972C-1851-42C8-B316-0D5F83019CB1}"
EndProject
Project("{9A19103F-16F7-4668-BE54-9A1E7A4F7556}") = "Core.Infrastructure", "src\Core.Infrastructure\Core.Infrastructure.csproj", "{C9A7B4BA-85AA-4E8B-B3E8-A526F688C024}"
EndProject
Project("{9A19103F-16F7-4668-BE54-9A1E7A4F7556}") = "Core.Json", "src\Core.Json\Core.Json.csproj", "{69FBFAF2-EDC1-4326-BB2A-0549B1339AFE}"
EndProject
Project("{9A19103F-16F7-4668-BE54-9A1E7A4F7556}") = "Core.EntityFrameworkCore.Sharding", "src\Core.EntityFrameworkCore.Sharding\Core.EntityFrameworkCore.Sharding.csproj", "{98EB7C35-1A86-4483-827F-AD0E32042F5B}"
EndProject
Project("{9A19103F-16F7-4668-BE54-9A1E7A4F7556}") = "Core.EventBus.SqlServer", "src\Core.EventBus.SqlServer\Core.EventBus.SqlServer.csproj", "{2B1A2B4B-89B1-4621-BC1E-1FC5C0AC4409}"
EndProject
Project("{FAE04EC0-301F-11D3-BF4B-00C04F79EFBC}") = "Core.EventBus.Mysql", "src\Core.EventBus.Mysql\Core.EventBus.Mysql.csproj", "{0268C65F-803A-4021-A815-17876599FA3E}"
EndProject
Global
	GlobalSection(SolutionConfigurationPlatforms) = preSolution
		Debug|Any CPU = Debug|Any CPU
		Release|Any CPU = Release|Any CPU
	EndGlobalSection
	GlobalSection(ProjectConfigurationPlatforms) = postSolution
		{8DA136E4-FE91-487E-9595-D882FC99117E}.Debug|Any CPU.ActiveCfg = Debug|Any CPU
		{8DA136E4-FE91-487E-9595-D882FC99117E}.Debug|Any CPU.Build.0 = Debug|Any CPU
		{8DA136E4-FE91-487E-9595-D882FC99117E}.Release|Any CPU.ActiveCfg = Release|Any CPU
		{8DA136E4-FE91-487E-9595-D882FC99117E}.Release|Any CPU.Build.0 = Release|Any CPU
		{4021809D-B739-4AD1-B2ED-3A88A68CBA04}.Debug|Any CPU.ActiveCfg = Debug|Any CPU
		{4021809D-B739-4AD1-B2ED-3A88A68CBA04}.Debug|Any CPU.Build.0 = Debug|Any CPU
		{4021809D-B739-4AD1-B2ED-3A88A68CBA04}.Release|Any CPU.ActiveCfg = Release|Any CPU
		{4021809D-B739-4AD1-B2ED-3A88A68CBA04}.Release|Any CPU.Build.0 = Release|Any CPU
		{0165B977-B65B-4F20-8BC6-736DBFC6EC38}.Debug|Any CPU.ActiveCfg = Debug|Any CPU
		{0165B977-B65B-4F20-8BC6-736DBFC6EC38}.Debug|Any CPU.Build.0 = Debug|Any CPU
		{0165B977-B65B-4F20-8BC6-736DBFC6EC38}.Release|Any CPU.ActiveCfg = Release|Any CPU
		{0165B977-B65B-4F20-8BC6-736DBFC6EC38}.Release|Any CPU.Build.0 = Release|Any CPU
		{B2D8B0A4-41E7-457E-91A6-87E90433ACBE}.Debug|Any CPU.ActiveCfg = Debug|Any CPU
		{B2D8B0A4-41E7-457E-91A6-87E90433ACBE}.Debug|Any CPU.Build.0 = Debug|Any CPU
		{B2D8B0A4-41E7-457E-91A6-87E90433ACBE}.Release|Any CPU.ActiveCfg = Release|Any CPU
		{B2D8B0A4-41E7-457E-91A6-87E90433ACBE}.Release|Any CPU.Build.0 = Release|Any CPU
		{80013525-5240-4B5D-8886-9ECA1352C728}.Debug|Any CPU.ActiveCfg = Debug|Any CPU
		{80013525-5240-4B5D-8886-9ECA1352C728}.Debug|Any CPU.Build.0 = Debug|Any CPU
		{80013525-5240-4B5D-8886-9ECA1352C728}.Release|Any CPU.ActiveCfg = Release|Any CPU
		{80013525-5240-4B5D-8886-9ECA1352C728}.Release|Any CPU.Build.0 = Release|Any CPU
		{1171CB7C-A0D2-40CB-B00A-A0A69C64B1F4}.Debug|Any CPU.ActiveCfg = Debug|Any CPU
		{1171CB7C-A0D2-40CB-B00A-A0A69C64B1F4}.Debug|Any CPU.Build.0 = Debug|Any CPU
		{1171CB7C-A0D2-40CB-B00A-A0A69C64B1F4}.Release|Any CPU.ActiveCfg = Release|Any CPU
		{1171CB7C-A0D2-40CB-B00A-A0A69C64B1F4}.Release|Any CPU.Build.0 = Release|Any CPU
		{87CE1168-C69D-4A8E-9217-4A4AFC1E2E95}.Debug|Any CPU.ActiveCfg = Debug|Any CPU
		{87CE1168-C69D-4A8E-9217-4A4AFC1E2E95}.Debug|Any CPU.Build.0 = Debug|Any CPU
		{87CE1168-C69D-4A8E-9217-4A4AFC1E2E95}.Release|Any CPU.ActiveCfg = Release|Any CPU
		{87CE1168-C69D-4A8E-9217-4A4AFC1E2E95}.Release|Any CPU.Build.0 = Release|Any CPU
		{8A2098C1-FCBE-4215-B1D3-47BD78E7EFFF}.Debug|Any CPU.ActiveCfg = Debug|Any CPU
		{8A2098C1-FCBE-4215-B1D3-47BD78E7EFFF}.Debug|Any CPU.Build.0 = Debug|Any CPU
		{8A2098C1-FCBE-4215-B1D3-47BD78E7EFFF}.Release|Any CPU.ActiveCfg = Release|Any CPU
		{8A2098C1-FCBE-4215-B1D3-47BD78E7EFFF}.Release|Any CPU.Build.0 = Release|Any CPU
		{C7B6E81D-C3D5-4E1C-96DB-819492BA150A}.Debug|Any CPU.ActiveCfg = Debug|Any CPU
		{C7B6E81D-C3D5-4E1C-96DB-819492BA150A}.Debug|Any CPU.Build.0 = Debug|Any CPU
		{C7B6E81D-C3D5-4E1C-96DB-819492BA150A}.Release|Any CPU.ActiveCfg = Release|Any CPU
		{C7B6E81D-C3D5-4E1C-96DB-819492BA150A}.Release|Any CPU.Build.0 = Release|Any CPU
		{AB021EF3-7FD9-4986-A928-E281FF169F61}.Debug|Any CPU.ActiveCfg = Debug|Any CPU
		{AB021EF3-7FD9-4986-A928-E281FF169F61}.Debug|Any CPU.Build.0 = Debug|Any CPU
		{AB021EF3-7FD9-4986-A928-E281FF169F61}.Release|Any CPU.ActiveCfg = Release|Any CPU
		{AB021EF3-7FD9-4986-A928-E281FF169F61}.Release|Any CPU.Build.0 = Release|Any CPU
		{D3F32407-16E8-4D03-8096-7049AB2B5BD7}.Debug|Any CPU.ActiveCfg = Debug|Any CPU
		{D3F32407-16E8-4D03-8096-7049AB2B5BD7}.Debug|Any CPU.Build.0 = Debug|Any CPU
		{D3F32407-16E8-4D03-8096-7049AB2B5BD7}.Release|Any CPU.ActiveCfg = Release|Any CPU
		{D3F32407-16E8-4D03-8096-7049AB2B5BD7}.Release|Any CPU.Build.0 = Release|Any CPU
		{FBEE972C-1851-42C8-B316-0D5F83019CB1}.Debug|Any CPU.ActiveCfg = Debug|Any CPU
		{FBEE972C-1851-42C8-B316-0D5F83019CB1}.Debug|Any CPU.Build.0 = Debug|Any CPU
		{FBEE972C-1851-42C8-B316-0D5F83019CB1}.Release|Any CPU.ActiveCfg = Release|Any CPU
		{FBEE972C-1851-42C8-B316-0D5F83019CB1}.Release|Any CPU.Build.0 = Release|Any CPU
		{C9A7B4BA-85AA-4E8B-B3E8-A526F688C024}.Debug|Any CPU.ActiveCfg = Debug|Any CPU
		{C9A7B4BA-85AA-4E8B-B3E8-A526F688C024}.Debug|Any CPU.Build.0 = Debug|Any CPU
		{C9A7B4BA-85AA-4E8B-B3E8-A526F688C024}.Release|Any CPU.ActiveCfg = Release|Any CPU
		{C9A7B4BA-85AA-4E8B-B3E8-A526F688C024}.Release|Any CPU.Build.0 = Release|Any CPU
		{69FBFAF2-EDC1-4326-BB2A-0549B1339AFE}.Debug|Any CPU.ActiveCfg = Debug|Any CPU
		{69FBFAF2-EDC1-4326-BB2A-0549B1339AFE}.Debug|Any CPU.Build.0 = Debug|Any CPU
		{69FBFAF2-EDC1-4326-BB2A-0549B1339AFE}.Release|Any CPU.ActiveCfg = Release|Any CPU
		{69FBFAF2-EDC1-4326-BB2A-0549B1339AFE}.Release|Any CPU.Build.0 = Release|Any CPU
		{98EB7C35-1A86-4483-827F-AD0E32042F5B}.Debug|Any CPU.ActiveCfg = Debug|Any CPU
		{98EB7C35-1A86-4483-827F-AD0E32042F5B}.Debug|Any CPU.Build.0 = Debug|Any CPU
		{98EB7C35-1A86-4483-827F-AD0E32042F5B}.Release|Any CPU.ActiveCfg = Release|Any CPU
		{98EB7C35-1A86-4483-827F-AD0E32042F5B}.Release|Any CPU.Build.0 = Release|Any CPU
		{2B1A2B4B-89B1-4621-BC1E-1FC5C0AC4409}.Debug|Any CPU.ActiveCfg = Debug|Any CPU
		{2B1A2B4B-89B1-4621-BC1E-1FC5C0AC4409}.Debug|Any CPU.Build.0 = Debug|Any CPU
		{2B1A2B4B-89B1-4621-BC1E-1FC5C0AC4409}.Release|Any CPU.ActiveCfg = Release|Any CPU
		{2B1A2B4B-89B1-4621-BC1E-1FC5C0AC4409}.Release|Any CPU.Build.0 = Release|Any CPU
		{0268C65F-803A-4021-A815-17876599FA3E}.Debug|Any CPU.ActiveCfg = Debug|Any CPU
		{0268C65F-803A-4021-A815-17876599FA3E}.Debug|Any CPU.Build.0 = Debug|Any CPU
		{0268C65F-803A-4021-A815-17876599FA3E}.Release|Any CPU.ActiveCfg = Release|Any CPU
		{0268C65F-803A-4021-A815-17876599FA3E}.Release|Any CPU.Build.0 = Release|Any CPU
	EndGlobalSection
	GlobalSection(SolutionProperties) = preSolution
		HideSolutionNode = FALSE
	EndGlobalSection
	GlobalSection(NestedProjects) = preSolution
		{8DA136E4-FE91-487E-9595-D882FC99117E} = {03EFE65F-3027-40EA-A790-7C8D31C11E18}
		{4021809D-B739-4AD1-B2ED-3A88A68CBA04} = {03EFE65F-3027-40EA-A790-7C8D31C11E18}
		{0165B977-B65B-4F20-8BC6-736DBFC6EC38} = {03EFE65F-3027-40EA-A790-7C8D31C11E18}
		{B2D8B0A4-41E7-457E-91A6-87E90433ACBE} = {03EFE65F-3027-40EA-A790-7C8D31C11E18}
		{514A50C5-04C2-48BD-A4BA-C82A5684F141} = {ADB0B39E-2BFA-4241-956A-47AD65CEB2FA}
		{80013525-5240-4B5D-8886-9ECA1352C728} = {514A50C5-04C2-48BD-A4BA-C82A5684F141}
		{1171CB7C-A0D2-40CB-B00A-A0A69C64B1F4} = {514A50C5-04C2-48BD-A4BA-C82A5684F141}
		{87CE1168-C69D-4A8E-9217-4A4AFC1E2E95} = {03EFE65F-3027-40EA-A790-7C8D31C11E18}
		{8A2098C1-FCBE-4215-B1D3-47BD78E7EFFF} = {03EFE65F-3027-40EA-A790-7C8D31C11E18}
		{C7B6E81D-C3D5-4E1C-96DB-819492BA150A} = {03EFE65F-3027-40EA-A790-7C8D31C11E18}
		{AB021EF3-7FD9-4986-A928-E281FF169F61} = {03EFE65F-3027-40EA-A790-7C8D31C11E18}
		{F0EF0172-5CAC-4569-9959-A6DBC1C50388} = {ADB0B39E-2BFA-4241-956A-47AD65CEB2FA}
		{D3F32407-16E8-4D03-8096-7049AB2B5BD7} = {F0EF0172-5CAC-4569-9959-A6DBC1C50388}
		{FBEE972C-1851-42C8-B316-0D5F83019CB1} = {03EFE65F-3027-40EA-A790-7C8D31C11E18}
		{C9A7B4BA-85AA-4E8B-B3E8-A526F688C024} = {03EFE65F-3027-40EA-A790-7C8D31C11E18}
		{69FBFAF2-EDC1-4326-BB2A-0549B1339AFE} = {03EFE65F-3027-40EA-A790-7C8D31C11E18}
		{98EB7C35-1A86-4483-827F-AD0E32042F5B} = {03EFE65F-3027-40EA-A790-7C8D31C11E18}
		{2B1A2B4B-89B1-4621-BC1E-1FC5C0AC4409} = {03EFE65F-3027-40EA-A790-7C8D31C11E18}
		{0268C65F-803A-4021-A815-17876599FA3E} = {03EFE65F-3027-40EA-A790-7C8D31C11E18}
	EndGlobalSection
	GlobalSection(ExtensibilityGlobals) = postSolution
		SolutionGuid = {67653D37-9D27-4AD4-9F01-DB21CA3B5835}
	EndGlobalSection
EndGlobal
